
Microsoft Visual Studio Solution File, Format Version 12.00
# Visual Studio Version 16
VisualStudioVersion = 16.0.30320.27
MinimumVisualStudioVersion = 10.0.40219.1
Project("{FAE04EC0-301F-11D3-BF4B-00C04F79EFBC}") = "Calculator", "Calculator\Calculator.csproj", "{1C5354E0-5C75-454B-8BDE-42CAB787C304}"
EndProject
Project("{FAE04EC0-301F-11D3-BF4B-00C04F79EFBC}") = "Calculator.BLL", "Calculator.BLL\Calculator.BLL.csproj", "{C2257E30-B25B-4C2C-B8FD-AC05EEAFC32E}"
EndProject
Global
	GlobalSection(SolutionConfigurationPlatforms) = preSolution
		Debug|Any CPU = Debug|Any CPU
		Release|Any CPU = Release|Any CPU
	EndGlobalSection
	GlobalSection(ProjectConfigurationPlatforms) = postSolution
		{1C5354E0-5C75-454B-8BDE-42CAB787C304}.Debug|Any CPU.ActiveCfg = Debug|Any CPU
		{1C5354E0-5C75-454B-8BDE-42CAB787C304}.Debug|Any CPU.Build.0 = Debug|Any CPU
		{1C5354E0-5C75-454B-8BDE-42CAB787C304}.Release|Any CPU.ActiveCfg = Release|Any CPU
		{1C5354E0-5C75-454B-8BDE-42CAB787C304}.Release|Any CPU.Build.0 = Release|Any CPU
		{C2257E30-B25B-4C2C-B8FD-AC05EEAFC32E}.Debug|Any CPU.ActiveCfg = Debug|Any CPU
		{C2257E30-B25B-4C2C-B8FD-AC05EEAFC32E}.Debug|Any CPU.Build.0 = Debug|Any CPU
		{C2257E30-B25B-4C2C-B8FD-AC05EEAFC32E}.Release|Any CPU.ActiveCfg = Release|Any CPU
		{C2257E30-B25B-4C2C-B8FD-AC05EEAFC32E}.Release|Any CPU.Build.0 = Release|Any CPU
	EndGlobalSection
	GlobalSection(SolutionProperties) = preSolution
		HideSolutionNode = FALSE
	EndGlobalSection
	GlobalSection(ExtensibilityGlobals) = postSolution
		SolutionGuid = {CB70DAB9-E922-46D1-AD6C-F51B58F49B81}
	EndGlobalSection
EndGlobal
